
Microsoft Visual Studio Solution File, Format Version 12.00
# Visual Studio 15
VisualStudioVersion = 15.0.27130.2026
MinimumVisualStudioVersion = 10.0.40219.1
Project("{FAE04EC0-301F-11D3-BF4B-00C04F79EFBC}") = "SimpleCalculator", "SimpleCalculator\SimpleCalculator.csproj", "{EDF81EB3-1561-4DBD-8B27-D7B3B62BB27F}"
EndProject
Global
	GlobalSection(SolutionConfigurationPlatforms) = preSolution
		Debug|Any CPU = Debug|Any CPU
		Release|Any CPU = Release|Any CPU
	EndGlobalSection
	GlobalSection(ProjectConfigurationPlatforms) = postSolution
		{EDF81EB3-1561-4DBD-8B27-D7B3B62BB27F}.Debug|Any CPU.ActiveCfg = Debug|Any CPU
		{EDF81EB3-1561-4DBD-8B27-D7B3B62BB27F}.Debug|Any CPU.Build.0 = Debug|Any CPU
		{EDF81EB3-1561-4DBD-8B27-D7B3B62BB27F}.Release|Any CPU.ActiveCfg = Release|Any CPU
		{EDF81EB3-1561-4DBD-8B27-D7B3B62BB27F}.Release|Any CPU.Build.0 = Release|Any CPU
	EndGlobalSection
	GlobalSection(SolutionProperties) = preSolution
		HideSolutionNode = FALSE
	EndGlobalSection
	GlobalSection(ExtensibilityGlobals) = postSolution
		SolutionGuid = {78F3AF3D-61FB-4E51-8159-3B2D42CC6ED1}
	EndGlobalSection
EndGlobal
