
Microsoft Visual Studio Solution File, Format Version 12.00
# Visual Studio 15
VisualStudioVersion = 15.0.27130.2024
MinimumVisualStudioVersion = 10.0.40219.1
Project("{FAE04EC0-301F-11D3-BF4B-00C04F79EFBC}") = "IfElse", "IfElse\IfElse.csproj", "{4DC774EF-88CF-47EC-B45C-B8105D1874E5}"
EndProject
Global
	GlobalSection(SolutionConfigurationPlatforms) = preSolution
		Debug|Any CPU = Debug|Any CPU
		Release|Any CPU = Release|Any CPU
	EndGlobalSection
	GlobalSection(ProjectConfigurationPlatforms) = postSolution
		{4DC774EF-88CF-47EC-B45C-B8105D1874E5}.Debug|Any CPU.ActiveCfg = Debug|Any CPU
		{4DC774EF-88CF-47EC-B45C-B8105D1874E5}.Debug|Any CPU.Build.0 = Debug|Any CPU
		{4DC774EF-88CF-47EC-B45C-B8105D1874E5}.Release|Any CPU.ActiveCfg = Release|Any CPU
		{4DC774EF-88CF-47EC-B45C-B8105D1874E5}.Release|Any CPU.Build.0 = Release|Any CPU
	EndGlobalSection
	GlobalSection(SolutionProperties) = preSolution
		HideSolutionNode = FALSE
	EndGlobalSection
	GlobalSection(ExtensibilityGlobals) = postSolution
		SolutionGuid = {59C19365-3932-4CE6-81B6-6E7A43D23E32}
	EndGlobalSection
EndGlobal
