
Microsoft Visual Studio Solution File, Format Version 12.00
# Visual Studio 15
VisualStudioVersion = 15.0.26228.18
MinimumVisualStudioVersion = 10.0.40219.1
Project("{FAE04EC0-301F-11D3-BF4B-00C04F79EFBC}") = "HelloConsole", "HelloConsole\HelloConsole.csproj", "{DCCC5A6D-CA21-4B55-A2E0-2B585A05D0C7}"
EndProject
Global
	GlobalSection(SolutionConfigurationPlatforms) = preSolution
		Debug|Any CPU = Debug|Any CPU
		Release|Any CPU = Release|Any CPU
	EndGlobalSection
	GlobalSection(ProjectConfigurationPlatforms) = postSolution
		{DCCC5A6D-CA21-4B55-A2E0-2B585A05D0C7}.Debug|Any CPU.ActiveCfg = Debug|Any CPU
		{DCCC5A6D-CA21-4B55-A2E0-2B585A05D0C7}.Debug|Any CPU.Build.0 = Debug|Any CPU
		{DCCC5A6D-CA21-4B55-A2E0-2B585A05D0C7}.Release|Any CPU.ActiveCfg = Release|Any CPU
		{DCCC5A6D-CA21-4B55-A2E0-2B585A05D0C7}.Release|Any CPU.Build.0 = Release|Any CPU
	EndGlobalSection
	GlobalSection(SolutionProperties) = preSolution
		HideSolutionNode = FALSE
	EndGlobalSection
EndGlobal
